
Microsoft Visual Studio Solution File, Format Version 12.00
# Visual Studio Version 16
VisualStudioVersion = 16.0.30330.147
MinimumVisualStudioVersion = 10.0.40219.1
Project("{FAE04EC0-301F-11D3-BF4B-00C04F79EFBC}") = "SlotMachine", "SlotMachine\SlotMachine.csproj", "{59E46169-1CD8-4CA8-82C0-90582C0D68EE}"
EndProject
Global
	GlobalSection(SolutionConfigurationPlatforms) = preSolution
		Debug|Any CPU = Debug|Any CPU
		Release|Any CPU = Release|Any CPU
	EndGlobalSection
	GlobalSection(ProjectConfigurationPlatforms) = postSolution
		{59E46169-1CD8-4CA8-82C0-90582C0D68EE}.Debug|Any CPU.ActiveCfg = Debug|Any CPU
		{59E46169-1CD8-4CA8-82C0-90582C0D68EE}.Debug|Any CPU.Build.0 = Debug|Any CPU
		{59E46169-1CD8-4CA8-82C0-90582C0D68EE}.Release|Any CPU.ActiveCfg = Release|Any CPU
		{59E46169-1CD8-4CA8-82C0-90582C0D68EE}.Release|Any CPU.Build.0 = Release|Any CPU
	EndGlobalSection
	GlobalSection(SolutionProperties) = preSolution
		HideSolutionNode = FALSE
	EndGlobalSection
	GlobalSection(ExtensibilityGlobals) = postSolution
		SolutionGuid = {6B4C65AF-300B-47AE-A7BA-48AE6C2250E3}
	EndGlobalSection
EndGlobal
