
Microsoft Visual Studio Solution File, Format Version 12.00
# Visual Studio Version 16
VisualStudioVersion = 16.0.30330.147
MinimumVisualStudioVersion = 10.0.40219.1
Project("{FAE04EC0-301F-11D3-BF4B-00C04F79EFBC}") = "FriendFile", "FriendFile\FriendFile.csproj", "{91F96BE4-63AC-4F8D-9A76-286444FB57CF}"
EndProject
Global
	GlobalSection(SolutionConfigurationPlatforms) = preSolution
		Debug|Any CPU = Debug|Any CPU
		Release|Any CPU = Release|Any CPU
	EndGlobalSection
	GlobalSection(ProjectConfigurationPlatforms) = postSolution
		{91F96BE4-63AC-4F8D-9A76-286444FB57CF}.Debug|Any CPU.ActiveCfg = Debug|Any CPU
		{91F96BE4-63AC-4F8D-9A76-286444FB57CF}.Debug|Any CPU.Build.0 = Debug|Any CPU
		{91F96BE4-63AC-4F8D-9A76-286444FB57CF}.Release|Any CPU.ActiveCfg = Release|Any CPU
		{91F96BE4-63AC-4F8D-9A76-286444FB57CF}.Release|Any CPU.Build.0 = Release|Any CPU
	EndGlobalSection
	GlobalSection(SolutionProperties) = preSolution
		HideSolutionNode = FALSE
	EndGlobalSection
	GlobalSection(ExtensibilityGlobals) = postSolution
		SolutionGuid = {F75028B3-DA22-497A-92DD-98967F5EF45E}
	EndGlobalSection
EndGlobal
