
Microsoft Visual Studio Solution File, Format Version 12.00
# Visual Studio Version 16
VisualStudioVersion = 16.0.30330.147
MinimumVisualStudioVersion = 10.0.40219.1
Project("{FAE04EC0-301F-11D3-BF4B-00C04F79EFBC}") = "Language Translator", "Language Translator\Language Translator.csproj", "{90881CFB-65AF-4B1F-AB37-3B351CADF76A}"
EndProject
Global
	GlobalSection(SolutionConfigurationPlatforms) = preSolution
		Debug|Any CPU = Debug|Any CPU
		Release|Any CPU = Release|Any CPU
	EndGlobalSection
	GlobalSection(ProjectConfigurationPlatforms) = postSolution
		{90881CFB-65AF-4B1F-AB37-3B351CADF76A}.Debug|Any CPU.ActiveCfg = Debug|Any CPU
		{90881CFB-65AF-4B1F-AB37-3B351CADF76A}.Debug|Any CPU.Build.0 = Debug|Any CPU
		{90881CFB-65AF-4B1F-AB37-3B351CADF76A}.Release|Any CPU.ActiveCfg = Release|Any CPU
		{90881CFB-65AF-4B1F-AB37-3B351CADF76A}.Release|Any CPU.Build.0 = Release|Any CPU
	EndGlobalSection
	GlobalSection(SolutionProperties) = preSolution
		HideSolutionNode = FALSE
	EndGlobalSection
	GlobalSection(ExtensibilityGlobals) = postSolution
		SolutionGuid = {E34B4279-40A1-49FC-9AB7-CB696A245A6B}
	EndGlobalSection
EndGlobal
