
Microsoft Visual Studio Solution File, Format Version 12.00
# Visual Studio Version 16
VisualStudioVersion = 16.0.30330.147
MinimumVisualStudioVersion = 10.0.40219.1
Project("{FAE04EC0-301F-11D3-BF4B-00C04F79EFBC}") = "TotalSales", "TotalSales\TotalSales.csproj", "{8DCD348D-4A13-430C-9194-C793E7807473}"
EndProject
Global
	GlobalSection(SolutionConfigurationPlatforms) = preSolution
		Debug|Any CPU = Debug|Any CPU
		Release|Any CPU = Release|Any CPU
	EndGlobalSection
	GlobalSection(ProjectConfigurationPlatforms) = postSolution
		{8DCD348D-4A13-430C-9194-C793E7807473}.Debug|Any CPU.ActiveCfg = Debug|Any CPU
		{8DCD348D-4A13-430C-9194-C793E7807473}.Debug|Any CPU.Build.0 = Debug|Any CPU
		{8DCD348D-4A13-430C-9194-C793E7807473}.Release|Any CPU.ActiveCfg = Release|Any CPU
		{8DCD348D-4A13-430C-9194-C793E7807473}.Release|Any CPU.Build.0 = Release|Any CPU
	EndGlobalSection
	GlobalSection(SolutionProperties) = preSolution
		HideSolutionNode = FALSE
	EndGlobalSection
	GlobalSection(ExtensibilityGlobals) = postSolution
		SolutionGuid = {69CF6C2D-658E-4955-BBEF-2C1156AA43BE}
	EndGlobalSection
EndGlobal
