
Microsoft Visual Studio Solution File, Format Version 12.00
# Visual Studio Version 16
VisualStudioVersion = 16.0.30330.147
MinimumVisualStudioVersion = 10.0.40219.1
Project("{FAE04EC0-301F-11D3-BF4B-00C04F79EFBC}") = "ConsoleApp1", "ConsoleApp1\ConsoleApp1.csproj", "{90048B71-5C40-4845-A36F-7A9E6A52194A}"
EndProject
Global
	GlobalSection(SolutionConfigurationPlatforms) = preSolution
		Debug|Any CPU = Debug|Any CPU
		Release|Any CPU = Release|Any CPU
	EndGlobalSection
	GlobalSection(ProjectConfigurationPlatforms) = postSolution
		{90048B71-5C40-4845-A36F-7A9E6A52194A}.Debug|Any CPU.ActiveCfg = Debug|Any CPU
		{90048B71-5C40-4845-A36F-7A9E6A52194A}.Debug|Any CPU.Build.0 = Debug|Any CPU
		{90048B71-5C40-4845-A36F-7A9E6A52194A}.Release|Any CPU.ActiveCfg = Release|Any CPU
		{90048B71-5C40-4845-A36F-7A9E6A52194A}.Release|Any CPU.Build.0 = Release|Any CPU
	EndGlobalSection
	GlobalSection(SolutionProperties) = preSolution
		HideSolutionNode = FALSE
	EndGlobalSection
	GlobalSection(ExtensibilityGlobals) = postSolution
		SolutionGuid = {111D22C3-C530-43E3-9698-B8DA5E38244A}
	EndGlobalSection
EndGlobal
