
Microsoft Visual Studio Solution File, Format Version 12.00
# Visual Studio Version 16
VisualStudioVersion = 16.0.30330.147
MinimumVisualStudioVersion = 10.0.40219.1
Project("{FAE04EC0-301F-11D3-BF4B-00C04F79EFBC}") = "CalculatingFuelEconomy", "CalculatingFuelEconomy\CalculatingFuelEconomy.csproj", "{1368AF1D-2651-42BF-BAD7-06C3D2F798CA}"
EndProject
Global
	GlobalSection(SolutionConfigurationPlatforms) = preSolution
		Debug|Any CPU = Debug|Any CPU
		Release|Any CPU = Release|Any CPU
	EndGlobalSection
	GlobalSection(ProjectConfigurationPlatforms) = postSolution
		{1368AF1D-2651-42BF-BAD7-06C3D2F798CA}.Debug|Any CPU.ActiveCfg = Debug|Any CPU
		{1368AF1D-2651-42BF-BAD7-06C3D2F798CA}.Debug|Any CPU.Build.0 = Debug|Any CPU
		{1368AF1D-2651-42BF-BAD7-06C3D2F798CA}.Release|Any CPU.ActiveCfg = Release|Any CPU
		{1368AF1D-2651-42BF-BAD7-06C3D2F798CA}.Release|Any CPU.Build.0 = Release|Any CPU
	EndGlobalSection
	GlobalSection(SolutionProperties) = preSolution
		HideSolutionNode = FALSE
	EndGlobalSection
	GlobalSection(ExtensibilityGlobals) = postSolution
		SolutionGuid = {A770F342-886B-4A19-B7D9-0DAB8AE20400}
	EndGlobalSection
EndGlobal
