
Microsoft Visual Studio Solution File, Format Version 12.00
# Visual Studio Version 16
VisualStudioVersion = 16.0.30330.147
MinimumVisualStudioVersion = 10.0.40219.1
Project("{FAE04EC0-301F-11D3-BF4B-00C04F79EFBC}") = "CustomerPolymorphism", "CustomerPolymorphism\CustomerPolymorphism.csproj", "{0E7375E5-8643-4218-BFB3-E79E88D06D02}"
EndProject
Global
	GlobalSection(SolutionConfigurationPlatforms) = preSolution
		Debug|Any CPU = Debug|Any CPU
		Release|Any CPU = Release|Any CPU
	EndGlobalSection
	GlobalSection(ProjectConfigurationPlatforms) = postSolution
		{0E7375E5-8643-4218-BFB3-E79E88D06D02}.Debug|Any CPU.ActiveCfg = Debug|Any CPU
		{0E7375E5-8643-4218-BFB3-E79E88D06D02}.Debug|Any CPU.Build.0 = Debug|Any CPU
		{0E7375E5-8643-4218-BFB3-E79E88D06D02}.Release|Any CPU.ActiveCfg = Release|Any CPU
		{0E7375E5-8643-4218-BFB3-E79E88D06D02}.Release|Any CPU.Build.0 = Release|Any CPU
	EndGlobalSection
	GlobalSection(SolutionProperties) = preSolution
		HideSolutionNode = FALSE
	EndGlobalSection
	GlobalSection(ExtensibilityGlobals) = postSolution
		SolutionGuid = {9B300260-3B82-44FB-9CC9-C2F4E424C81D}
	EndGlobalSection
EndGlobal
